
Microsoft Visual Studio Solution File, Format Version 12.00
# Visual Studio Version 17
VisualStudioVersion = 17.3.32929.385
MinimumVisualStudioVersion = 10.0.40219.1
Project("{FAE04EC0-301F-11D3-BF4B-00C04F79EFBC}") = "StackProblem", "StackProblem\StackProblem.csproj", "{9DBE7882-47A9-4C50-905C-42A0704D02CC}"
EndProject
Global
	GlobalSection(SolutionConfigurationPlatforms) = preSolution
		Debug|Any CPU = Debug|Any CPU
		Release|Any CPU = Release|Any CPU
	EndGlobalSection
	GlobalSection(ProjectConfigurationPlatforms) = postSolution
		{9DBE7882-47A9-4C50-905C-42A0704D02CC}.Debug|Any CPU.ActiveCfg = Debug|Any CPU
		{9DBE7882-47A9-4C50-905C-42A0704D02CC}.Debug|Any CPU.Build.0 = Debug|Any CPU
		{9DBE7882-47A9-4C50-905C-42A0704D02CC}.Release|Any CPU.ActiveCfg = Release|Any CPU
		{9DBE7882-47A9-4C50-905C-42A0704D02CC}.Release|Any CPU.Build.0 = Release|Any CPU
	EndGlobalSection
	GlobalSection(SolutionProperties) = preSolution
		HideSolutionNode = FALSE
	EndGlobalSection
	GlobalSection(ExtensibilityGlobals) = postSolution
		SolutionGuid = {21BE70B6-7E2C-49AC-9D88-90B9A3D992D7}
	EndGlobalSection
EndGlobal
