
Microsoft Visual Studio Solution File, Format Version 12.00
# Visual Studio Version 17
VisualStudioVersion = 17.3.32929.385
MinimumVisualStudioVersion = 10.0.40219.1
Project("{FAE04EC0-301F-11D3-BF4B-00C04F79EFBC}") = "BOJ", "BOJ\BOJ.csproj", "{BBA79ACC-EC89-46ED-8953-6CF901005DFA}"
EndProject
Global
	GlobalSection(SolutionConfigurationPlatforms) = preSolution
		Debug|Any CPU = Debug|Any CPU
		Release|Any CPU = Release|Any CPU
	EndGlobalSection
	GlobalSection(ProjectConfigurationPlatforms) = postSolution
		{BBA79ACC-EC89-46ED-8953-6CF901005DFA}.Debug|Any CPU.ActiveCfg = Debug|Any CPU
		{BBA79ACC-EC89-46ED-8953-6CF901005DFA}.Debug|Any CPU.Build.0 = Debug|Any CPU
		{BBA79ACC-EC89-46ED-8953-6CF901005DFA}.Release|Any CPU.ActiveCfg = Release|Any CPU
		{BBA79ACC-EC89-46ED-8953-6CF901005DFA}.Release|Any CPU.Build.0 = Release|Any CPU
	EndGlobalSection
	GlobalSection(SolutionProperties) = preSolution
		HideSolutionNode = FALSE
	EndGlobalSection
	GlobalSection(ExtensibilityGlobals) = postSolution
		SolutionGuid = {790497B4-0722-4E02-8135-E3B15B3AF546}
	EndGlobalSection
EndGlobal
